memo = "9f16832a7608f8d508a09f23793d2af7eff7eb874bea42e54b3fed0ac46d2586"

[[projects]]
  branch = "master"
  name = "github.com/golang/protobuf"
  packages = ["proto"]
  revision = "2bba0603135d7d7f5cb73b2125beeda19c09f4ef"

[[projects]]
  branch = "master"
  name = "golang.org/x/crypto"
  packages = ["pbkdf2"]
  revision = "cbc3d0884eac986df6e78a039b8792e869bff863"
